
Microsoft Visual Studio Solution File, Format Version 12.00
# Visual Studio Version 16
VisualStudioVersion = 16.0.29409.12
MinimumVisualStudioVersion = 10.0.40219.1
Project("{2150E333-8FDC-42A3-9474-1A3956D46DE8}") = "JToolbox", "JToolbox", "{9970C235-BB17-4654-B8AD-9B10B983F125}"
EndProject
Project("{2150E333-8FDC-42A3-9474-1A3956D46DE8}") = "Server", "Server", "{DA35934F-D8CE-4DF5-9C52-B16A5407D812}"
EndProject
Project("{2150E333-8FDC-42A3-9474-1A3956D46DE8}") = "Clients", "Clients", "{571D96C1-EB3A-44F8-9DCA-47EC0059C910}"
EndProject
Project("{FAE04EC0-301F-11D3-BF4B-00C04F79EFBC}") = "RemoteControl.Server.Startup", "Server\RemoteControl.Server.Startup\RemoteControl.Server.Startup.csproj", "{AF890BA6-24C0-4FED-A6FA-EF004F7FF7F2}"
EndProject
Project("{FAE04EC0-301F-11D3-BF4B-00C04F79EFBC}") = "RemoteControl.Server.Core", "Server\RemoteControl.Server.Core\RemoteControl.Server.Core.csproj", "{84264C4D-C966-403A-AB8B-CA3CC46B6C45}"
EndProject
Project("{2150E333-8FDC-42A3-9474-1A3956D46DE8}") = "Mobile", "Mobile", "{B0F38A38-481A-4BA8-BC48-2B3469C9B111}"
EndProject
Project("{2150E333-8FDC-42A3-9474-1A3956D46DE8}") = "Desktop", "Desktop", "{A695CEAB-ABE8-4AC2-A3DB-BF1F6692D543}"
EndProject
Project("{FAE04EC0-301F-11D3-BF4B-00C04F79EFBC}") = "RemoteControl.DesktopClient.Startup", "Clients\Desktop\RemoteControl.DesktopClient.Startup\RemoteControl.DesktopClient.Startup.csproj", "{E7FA1575-1E5B-461F-8EDD-0B5095ADE6BE}"
EndProject
Project("{FAE04EC0-301F-11D3-BF4B-00C04F79EFBC}") = "RemoteControl.DesktopClient.Core", "Clients\Desktop\RemoteControl.DesktopClient.Core\RemoteControl.DesktopClient.Core.csproj", "{FB7F36CC-AA77-4568-91EB-176FE4BCFC7C}"
EndProject
Project("{9A19103F-16F7-4668-BE54-9A1E7A4F7556}") = "RemoteControl.MobileClient.Core", "Clients\Mobile\RemoteControl.MobileClient.Core\RemoteControl.MobileClient.Core.csproj", "{58499A3D-0727-42AA-898F-09A3E4E94162}"
EndProject
Project("{FAE04EC0-301F-11D3-BF4B-00C04F79EFBC}") = "RemoteControl.MobileClient.Android", "Clients\Mobile\RemoteControl.MobileClient.Android\RemoteControl.MobileClient.Android.csproj", "{7D39611E-5A95-4887-83E6-7AED355510B6}"
EndProject
Project("{2150E333-8FDC-42A3-9474-1A3956D46DE8}") = "Misc", "Misc", "{896A7B42-AF7E-4849-9E31-77FA6545DC3F}"
EndProject
Project("{2150E333-8FDC-42A3-9474-1A3956D46DE8}") = "WPF", "WPF", "{16108830-46A4-480D-8853-7B9368DAC1F3}"
EndProject
Project("{2150E333-8FDC-42A3-9474-1A3956D46DE8}") = "XamarinForms", "XamarinForms", "{69FB1547-D586-4BFD-AF82-8F49037C594D}"
EndProject
Project("{9A19103F-16F7-4668-BE54-9A1E7A4F7556}") = "JToolbox.Core", "JToolbox\JToolbox.Core\JToolbox.Core.csproj", "{04F8EA9C-CD49-436B-A88C-0413F65E58BE}"
EndProject
Project("{FAE04EC0-301F-11D3-BF4B-00C04F79EFBC}") = "JToolbox.AppConfig", "JToolbox\Misc\JToolbox.AppConfig\JToolbox.AppConfig.csproj", "{7ACE141D-B773-41AB-A8DC-467D98A4C821}"
EndProject
Project("{9A19103F-16F7-4668-BE54-9A1E7A4F7556}") = "JToolbox.Logging", "JToolbox\Misc\JToolbox.Logging\JToolbox.Logging.csproj", "{19BC8B0E-A964-41D0-BCCA-BBABA2A3D04E}"
EndProject
Project("{FAE04EC0-301F-11D3-BF4B-00C04F79EFBC}") = "JToolbox.WPF.Core", "JToolbox\WPF\JToolbox.WPF.Core\JToolbox.WPF.Core.csproj", "{56BEE9B3-2FCB-46E7-A837-D07F0BFCBD98}"
EndProject
Project("{FAE04EC0-301F-11D3-BF4B-00C04F79EFBC}") = "JToolbox.WPF.PrismCore", "JToolbox\WPF\JToolbox.WPF.PrismCore\JToolbox.WPF.PrismCore.csproj", "{236252FE-AA5D-434F-87EA-1342C5B6E3B9}"
EndProject
Project("{FAE04EC0-301F-11D3-BF4B-00C04F79EFBC}") = "JToolbox.WPF.UI", "JToolbox\WPF\JToolbox.WPF.UI\JToolbox.WPF.UI.csproj", "{9594D7EE-C5D6-4F07-8F3E-63B7C83E21D0}"
EndProject
Project("{FAE04EC0-301F-11D3-BF4B-00C04F79EFBC}") = "JToolbox.WPF.Windows", "JToolbox\WPF\JToolbox.WPF.Windows\JToolbox.WPF.Windows.csproj", "{44CE1158-08AB-452E-ABCD-C6E305E1A01A}"
EndProject
Project("{9A19103F-16F7-4668-BE54-9A1E7A4F7556}") = "JToolbox.XamarinForms.Core", "JToolbox\XamarinForms\JToolbox.XamarinForms.Core\JToolbox.XamarinForms.Core.csproj", "{A2EF01AC-2B20-4915-9264-658C9A7CC1FB}"
EndProject
Project("{9A19103F-16F7-4668-BE54-9A1E7A4F7556}") = "JToolbox.XamarinForms.Dialogs", "JToolbox\XamarinForms\JToolbox.XamarinForms.Dialogs\JToolbox.XamarinForms.Dialogs.csproj", "{0E3F75FC-DDD9-46AC-B304-7EE01823703C}"
EndProject
Project("{FAE04EC0-301F-11D3-BF4B-00C04F79EFBC}") = "JToolbox.XamarinForms.Droid.Core", "JToolbox\XamarinForms\JToolbox.XamarinForms.Droid.Core\JToolbox.XamarinForms.Droid.Core.csproj", "{7367D159-5011-4588-8888-44DDFEE2B890}"
EndProject
Project("{9A19103F-16F7-4668-BE54-9A1E7A4F7556}") = "JToolbox.XamarinForms.Logging", "JToolbox\XamarinForms\JToolbox.XamarinForms.Logging\JToolbox.XamarinForms.Logging.csproj", "{90DB18A1-C525-44DA-B79A-7EB0CE308BB2}"
EndProject
Project("{9A19103F-16F7-4668-BE54-9A1E7A4F7556}") = "JToolbox.XamarinForms.Permissions", "JToolbox\XamarinForms\JToolbox.XamarinForms.Permissions\JToolbox.XamarinForms.Permissions.csproj", "{06AB6E0D-4736-4A47-9EF6-48B8BDFC7E6A}"
EndProject
Project("{9A19103F-16F7-4668-BE54-9A1E7A4F7556}") = "JToolbox.XamarinForms.Settings", "JToolbox\XamarinForms\JToolbox.XamarinForms.Settings\JToolbox.XamarinForms.Settings.csproj", "{95E8AD1F-641B-4C80-9E16-6CD4C4BF8D70}"
EndProject
Project("{2150E333-8FDC-42A3-9474-1A3956D46DE8}") = "Desktop", "Desktop", "{61643ABD-80ED-407F-9811-0F0315BBC446}"
EndProject
Project("{FAE04EC0-301F-11D3-BF4B-00C04F79EFBC}") = "JToolbox.Desktop.Core", "JToolbox\Desktop\JToolbox.Desktop.Core\JToolbox.Desktop.Core.csproj", "{F91C51E8-EEE9-405D-8D53-1BD1A8B462A9}"
EndProject
Project("{FAE04EC0-301F-11D3-BF4B-00C04F79EFBC}") = "JToolbox.Desktop.Dialogs", "JToolbox\Desktop\JToolbox.Desktop.Dialogs\JToolbox.Desktop.Dialogs.csproj", "{7519097D-59FF-4717-A043-C083A7AA9A5D}"
EndProject
Project("{FAE04EC0-301F-11D3-BF4B-00C04F79EFBC}") = "RemoteControl.Server.RemoteCommands", "Server\RemoteControl.Server.RemoteCommands\RemoteControl.Server.RemoteCommands.csproj", "{206DAC2A-2554-4F30-BDA9-F5CBA1960BE5}"
EndProject
Project("{2150E333-8FDC-42A3-9474-1A3956D46DE8}") = "Solution Items", "Solution Items", "{2939DFA1-B947-4526-8845-4136A9C193D6}"
	ProjectSection(SolutionItems) = preProject
		_todo.txt = _todo.txt
	EndProjectSection
EndProject
Project("{2150E333-8FDC-42A3-9474-1A3956D46DE8}") = "Commons", "Commons", "{51BEE2C9-F527-4211-8E7E-202105E8C9F5}"
EndProject
Project("{9A19103F-16F7-4668-BE54-9A1E7A4F7556}") = "RemoteControl.Proxy", "Commons\RemoteControl.Proxy\RemoteControl.Proxy.csproj", "{123F2446-6AD9-41C8-86AC-2DB426D779E0}"
EndProject
Project("{FAE04EC0-301F-11D3-BF4B-00C04F79EFBC}") = "RemoteControl.Server.Connections", "Server\RemoteControl.Server.Connections\RemoteControl.Server.Connections.csproj", "{61B414C3-CC77-4263-8552-4D517A19CC56}"
EndProject
Global
	GlobalSection(SolutionConfigurationPlatforms) = preSolution
		Debug|Any CPU = Debug|Any CPU
		Release|Any CPU = Release|Any CPU
	EndGlobalSection
	GlobalSection(ProjectConfigurationPlatforms) = postSolution
		{AF890BA6-24C0-4FED-A6FA-EF004F7FF7F2}.Debug|Any CPU.ActiveCfg = Debug|Any CPU
		{AF890BA6-24C0-4FED-A6FA-EF004F7FF7F2}.Debug|Any CPU.Build.0 = Debug|Any CPU
		{AF890BA6-24C0-4FED-A6FA-EF004F7FF7F2}.Release|Any CPU.ActiveCfg = Release|Any CPU
		{AF890BA6-24C0-4FED-A6FA-EF004F7FF7F2}.Release|Any CPU.Build.0 = Release|Any CPU
		{84264C4D-C966-403A-AB8B-CA3CC46B6C45}.Debug|Any CPU.ActiveCfg = Debug|Any CPU
		{84264C4D-C966-403A-AB8B-CA3CC46B6C45}.Debug|Any CPU.Build.0 = Debug|Any CPU
		{84264C4D-C966-403A-AB8B-CA3CC46B6C45}.Release|Any CPU.ActiveCfg = Release|Any CPU
		{84264C4D-C966-403A-AB8B-CA3CC46B6C45}.Release|Any CPU.Build.0 = Release|Any CPU
		{E7FA1575-1E5B-461F-8EDD-0B5095ADE6BE}.Debug|Any CPU.ActiveCfg = Debug|Any CPU
		{E7FA1575-1E5B-461F-8EDD-0B5095ADE6BE}.Debug|Any CPU.Build.0 = Debug|Any CPU
		{E7FA1575-1E5B-461F-8EDD-0B5095ADE6BE}.Release|Any CPU.ActiveCfg = Release|Any CPU
		{E7FA1575-1E5B-461F-8EDD-0B5095ADE6BE}.Release|Any CPU.Build.0 = Release|Any CPU
		{FB7F36CC-AA77-4568-91EB-176FE4BCFC7C}.Debug|Any CPU.ActiveCfg = Debug|Any CPU
		{FB7F36CC-AA77-4568-91EB-176FE4BCFC7C}.Debug|Any CPU.Build.0 = Debug|Any CPU
		{FB7F36CC-AA77-4568-91EB-176FE4BCFC7C}.Release|Any CPU.ActiveCfg = Release|Any CPU
		{FB7F36CC-AA77-4568-91EB-176FE4BCFC7C}.Release|Any CPU.Build.0 = Release|Any CPU
		{58499A3D-0727-42AA-898F-09A3E4E94162}.Debug|Any CPU.ActiveCfg = Debug|Any CPU
		{58499A3D-0727-42AA-898F-09A3E4E94162}.Debug|Any CPU.Build.0 = Debug|Any CPU
		{58499A3D-0727-42AA-898F-09A3E4E94162}.Release|Any CPU.ActiveCfg = Release|Any CPU
		{58499A3D-0727-42AA-898F-09A3E4E94162}.Release|Any CPU.Build.0 = Release|Any CPU
		{7D39611E-5A95-4887-83E6-7AED355510B6}.Debug|Any CPU.ActiveCfg = Debug|Any CPU
		{7D39611E-5A95-4887-83E6-7AED355510B6}.Debug|Any CPU.Build.0 = Debug|Any CPU
		{7D39611E-5A95-4887-83E6-7AED355510B6}.Debug|Any CPU.Deploy.0 = Debug|Any CPU
		{7D39611E-5A95-4887-83E6-7AED355510B6}.Release|Any CPU.ActiveCfg = Release|Any CPU
		{7D39611E-5A95-4887-83E6-7AED355510B6}.Release|Any CPU.Build.0 = Release|Any CPU
		{7D39611E-5A95-4887-83E6-7AED355510B6}.Release|Any CPU.Deploy.0 = Release|Any CPU
		{04F8EA9C-CD49-436B-A88C-0413F65E58BE}.Debug|Any CPU.ActiveCfg = Debug|Any CPU
		{04F8EA9C-CD49-436B-A88C-0413F65E58BE}.Debug|Any CPU.Build.0 = Debug|Any CPU
		{04F8EA9C-CD49-436B-A88C-0413F65E58BE}.Release|Any CPU.ActiveCfg = Release|Any CPU
		{04F8EA9C-CD49-436B-A88C-0413F65E58BE}.Release|Any CPU.Build.0 = Release|Any CPU
		{7ACE141D-B773-41AB-A8DC-467D98A4C821}.Debug|Any CPU.ActiveCfg = Debug|Any CPU
		{7ACE141D-B773-41AB-A8DC-467D98A4C821}.Debug|Any CPU.Build.0 = Debug|Any CPU
		{7ACE141D-B773-41AB-A8DC-467D98A4C821}.Release|Any CPU.ActiveCfg = Release|Any CPU
		{7ACE141D-B773-41AB-A8DC-467D98A4C821}.Release|Any CPU.Build.0 = Release|Any CPU
		{19BC8B0E-A964-41D0-BCCA-BBABA2A3D04E}.Debug|Any CPU.ActiveCfg = Debug|Any CPU
		{19BC8B0E-A964-41D0-BCCA-BBABA2A3D04E}.Debug|Any CPU.Build.0 = Debug|Any CPU
		{19BC8B0E-A964-41D0-BCCA-BBABA2A3D04E}.Release|Any CPU.ActiveCfg = Release|Any CPU
		{19BC8B0E-A964-41D0-BCCA-BBABA2A3D04E}.Release|Any CPU.Build.0 = Release|Any CPU
		{56BEE9B3-2FCB-46E7-A837-D07F0BFCBD98}.Debug|Any CPU.ActiveCfg = Debug|Any CPU
		{56BEE9B3-2FCB-46E7-A837-D07F0BFCBD98}.Debug|Any CPU.Build.0 = Debug|Any CPU
		{56BEE9B3-2FCB-46E7-A837-D07F0BFCBD98}.Release|Any CPU.ActiveCfg = Release|Any CPU
		{56BEE9B3-2FCB-46E7-A837-D07F0BFCBD98}.Release|Any CPU.Build.0 = Release|Any CPU
		{236252FE-AA5D-434F-87EA-1342C5B6E3B9}.Debug|Any CPU.ActiveCfg = Debug|Any CPU
		{236252FE-AA5D-434F-87EA-1342C5B6E3B9}.Debug|Any CPU.Build.0 = Debug|Any CPU
		{236252FE-AA5D-434F-87EA-1342C5B6E3B9}.Release|Any CPU.ActiveCfg = Release|Any CPU
		{236252FE-AA5D-434F-87EA-1342C5B6E3B9}.Release|Any CPU.Build.0 = Release|Any CPU
		{9594D7EE-C5D6-4F07-8F3E-63B7C83E21D0}.Debug|Any CPU.ActiveCfg = Debug|Any CPU
		{9594D7EE-C5D6-4F07-8F3E-63B7C83E21D0}.Debug|Any CPU.Build.0 = Debug|Any CPU
		{9594D7EE-C5D6-4F07-8F3E-63B7C83E21D0}.Release|Any CPU.ActiveCfg = Release|Any CPU
		{9594D7EE-C5D6-4F07-8F3E-63B7C83E21D0}.Release|Any CPU.Build.0 = Release|Any CPU
		{44CE1158-08AB-452E-ABCD-C6E305E1A01A}.Debug|Any CPU.ActiveCfg = Debug|Any CPU
		{44CE1158-08AB-452E-ABCD-C6E305E1A01A}.Debug|Any CPU.Build.0 = Debug|Any CPU
		{44CE1158-08AB-452E-ABCD-C6E305E1A01A}.Release|Any CPU.ActiveCfg = Release|Any CPU
		{44CE1158-08AB-452E-ABCD-C6E305E1A01A}.Release|Any CPU.Build.0 = Release|Any CPU
		{A2EF01AC-2B20-4915-9264-658C9A7CC1FB}.Debug|Any CPU.ActiveCfg = Debug|Any CPU
		{A2EF01AC-2B20-4915-9264-658C9A7CC1FB}.Debug|Any CPU.Build.0 = Debug|Any CPU
		{A2EF01AC-2B20-4915-9264-658C9A7CC1FB}.Release|Any CPU.ActiveCfg = Release|Any CPU
		{A2EF01AC-2B20-4915-9264-658C9A7CC1FB}.Release|Any CPU.Build.0 = Release|Any CPU
		{0E3F75FC-DDD9-46AC-B304-7EE01823703C}.Debug|Any CPU.ActiveCfg = Debug|Any CPU
		{0E3F75FC-DDD9-46AC-B304-7EE01823703C}.Debug|Any CPU.Build.0 = Debug|Any CPU
		{0E3F75FC-DDD9-46AC-B304-7EE01823703C}.Release|Any CPU.ActiveCfg = Release|Any CPU
		{0E3F75FC-DDD9-46AC-B304-7EE01823703C}.Release|Any CPU.Build.0 = Release|Any CPU
		{7367D159-5011-4588-8888-44DDFEE2B890}.Debug|Any CPU.ActiveCfg = Debug|Any CPU
		{7367D159-5011-4588-8888-44DDFEE2B890}.Debug|Any CPU.Build.0 = Debug|Any CPU
		{7367D159-5011-4588-8888-44DDFEE2B890}.Release|Any CPU.ActiveCfg = Release|Any CPU
		{7367D159-5011-4588-8888-44DDFEE2B890}.Release|Any CPU.Build.0 = Release|Any CPU
		{90DB18A1-C525-44DA-B79A-7EB0CE308BB2}.Debug|Any CPU.ActiveCfg = Debug|Any CPU
		{90DB18A1-C525-44DA-B79A-7EB0CE308BB2}.Debug|Any CPU.Build.0 = Debug|Any CPU
		{90DB18A1-C525-44DA-B79A-7EB0CE308BB2}.Release|Any CPU.ActiveCfg = Release|Any CPU
		{90DB18A1-C525-44DA-B79A-7EB0CE308BB2}.Release|Any CPU.Build.0 = Release|Any CPU
		{06AB6E0D-4736-4A47-9EF6-48B8BDFC7E6A}.Debug|Any CPU.ActiveCfg = Debug|Any CPU
		{06AB6E0D-4736-4A47-9EF6-48B8BDFC7E6A}.Debug|Any CPU.Build.0 = Debug|Any CPU
		{06AB6E0D-4736-4A47-9EF6-48B8BDFC7E6A}.Release|Any CPU.ActiveCfg = Release|Any CPU
		{06AB6E0D-4736-4A47-9EF6-48B8BDFC7E6A}.Release|Any CPU.Build.0 = Release|Any CPU
		{95E8AD1F-641B-4C80-9E16-6CD4C4BF8D70}.Debug|Any CPU.ActiveCfg = Debug|Any CPU
		{95E8AD1F-641B-4C80-9E16-6CD4C4BF8D70}.Debug|Any CPU.Build.0 = Debug|Any CPU
		{95E8AD1F-641B-4C80-9E16-6CD4C4BF8D70}.Release|Any CPU.ActiveCfg = Release|Any CPU
		{95E8AD1F-641B-4C80-9E16-6CD4C4BF8D70}.Release|Any CPU.Build.0 = Release|Any CPU
		{F91C51E8-EEE9-405D-8D53-1BD1A8B462A9}.Debug|Any CPU.ActiveCfg = Debug|Any CPU
		{F91C51E8-EEE9-405D-8D53-1BD1A8B462A9}.Debug|Any CPU.Build.0 = Debug|Any CPU
		{F91C51E8-EEE9-405D-8D53-1BD1A8B462A9}.Release|Any CPU.ActiveCfg = Release|Any CPU
		{F91C51E8-EEE9-405D-8D53-1BD1A8B462A9}.Release|Any CPU.Build.0 = Release|Any CPU
		{7519097D-59FF-4717-A043-C083A7AA9A5D}.Debug|Any CPU.ActiveCfg = Debug|Any CPU
		{7519097D-59FF-4717-A043-C083A7AA9A5D}.Debug|Any CPU.Build.0 = Debug|Any CPU
		{7519097D-59FF-4717-A043-C083A7AA9A5D}.Release|Any CPU.ActiveCfg = Release|Any CPU
		{7519097D-59FF-4717-A043-C083A7AA9A5D}.Release|Any CPU.Build.0 = Release|Any CPU
		{206DAC2A-2554-4F30-BDA9-F5CBA1960BE5}.Debug|Any CPU.ActiveCfg = Debug|Any CPU
		{206DAC2A-2554-4F30-BDA9-F5CBA1960BE5}.Debug|Any CPU.Build.0 = Debug|Any CPU
		{206DAC2A-2554-4F30-BDA9-F5CBA1960BE5}.Release|Any CPU.ActiveCfg = Release|Any CPU
		{206DAC2A-2554-4F30-BDA9-F5CBA1960BE5}.Release|Any CPU.Build.0 = Release|Any CPU
		{123F2446-6AD9-41C8-86AC-2DB426D779E0}.Debug|Any CPU.ActiveCfg = Debug|Any CPU
		{123F2446-6AD9-41C8-86AC-2DB426D779E0}.Debug|Any CPU.Build.0 = Debug|Any CPU
		{123F2446-6AD9-41C8-86AC-2DB426D779E0}.Release|Any CPU.ActiveCfg = Release|Any CPU
		{123F2446-6AD9-41C8-86AC-2DB426D779E0}.Release|Any CPU.Build.0 = Release|Any CPU
		{61B414C3-CC77-4263-8552-4D517A19CC56}.Debug|Any CPU.ActiveCfg = Debug|Any CPU
		{61B414C3-CC77-4263-8552-4D517A19CC56}.Debug|Any CPU.Build.0 = Debug|Any CPU
		{61B414C3-CC77-4263-8552-4D517A19CC56}.Release|Any CPU.ActiveCfg = Release|Any CPU
		{61B414C3-CC77-4263-8552-4D517A19CC56}.Release|Any CPU.Build.0 = Release|Any CPU
	EndGlobalSection
	GlobalSection(SolutionProperties) = preSolution
		HideSolutionNode = FALSE
	EndGlobalSection
	GlobalSection(NestedProjects) = preSolution
		{AF890BA6-24C0-4FED-A6FA-EF004F7FF7F2} = {DA35934F-D8CE-4DF5-9C52-B16A5407D812}
		{84264C4D-C966-403A-AB8B-CA3CC46B6C45} = {DA35934F-D8CE-4DF5-9C52-B16A5407D812}
		{B0F38A38-481A-4BA8-BC48-2B3469C9B111} = {571D96C1-EB3A-44F8-9DCA-47EC0059C910}
		{A695CEAB-ABE8-4AC2-A3DB-BF1F6692D543} = {571D96C1-EB3A-44F8-9DCA-47EC0059C910}
		{E7FA1575-1E5B-461F-8EDD-0B5095ADE6BE} = {A695CEAB-ABE8-4AC2-A3DB-BF1F6692D543}
		{FB7F36CC-AA77-4568-91EB-176FE4BCFC7C} = {A695CEAB-ABE8-4AC2-A3DB-BF1F6692D543}
		{58499A3D-0727-42AA-898F-09A3E4E94162} = {B0F38A38-481A-4BA8-BC48-2B3469C9B111}
		{7D39611E-5A95-4887-83E6-7AED355510B6} = {B0F38A38-481A-4BA8-BC48-2B3469C9B111}
		{896A7B42-AF7E-4849-9E31-77FA6545DC3F} = {9970C235-BB17-4654-B8AD-9B10B983F125}
		{16108830-46A4-480D-8853-7B9368DAC1F3} = {9970C235-BB17-4654-B8AD-9B10B983F125}
		{69FB1547-D586-4BFD-AF82-8F49037C594D} = {9970C235-BB17-4654-B8AD-9B10B983F125}
		{04F8EA9C-CD49-436B-A88C-0413F65E58BE} = {9970C235-BB17-4654-B8AD-9B10B983F125}
		{7ACE141D-B773-41AB-A8DC-467D98A4C821} = {896A7B42-AF7E-4849-9E31-77FA6545DC3F}
		{19BC8B0E-A964-41D0-BCCA-BBABA2A3D04E} = {896A7B42-AF7E-4849-9E31-77FA6545DC3F}
		{56BEE9B3-2FCB-46E7-A837-D07F0BFCBD98} = {16108830-46A4-480D-8853-7B9368DAC1F3}
		{236252FE-AA5D-434F-87EA-1342C5B6E3B9} = {16108830-46A4-480D-8853-7B9368DAC1F3}
		{9594D7EE-C5D6-4F07-8F3E-63B7C83E21D0} = {16108830-46A4-480D-8853-7B9368DAC1F3}
		{44CE1158-08AB-452E-ABCD-C6E305E1A01A} = {16108830-46A4-480D-8853-7B9368DAC1F3}
		{A2EF01AC-2B20-4915-9264-658C9A7CC1FB} = {69FB1547-D586-4BFD-AF82-8F49037C594D}
		{0E3F75FC-DDD9-46AC-B304-7EE01823703C} = {69FB1547-D586-4BFD-AF82-8F49037C594D}
		{7367D159-5011-4588-8888-44DDFEE2B890} = {69FB1547-D586-4BFD-AF82-8F49037C594D}
		{90DB18A1-C525-44DA-B79A-7EB0CE308BB2} = {69FB1547-D586-4BFD-AF82-8F49037C594D}
		{06AB6E0D-4736-4A47-9EF6-48B8BDFC7E6A} = {69FB1547-D586-4BFD-AF82-8F49037C594D}
		{95E8AD1F-641B-4C80-9E16-6CD4C4BF8D70} = {69FB1547-D586-4BFD-AF82-8F49037C594D}
		{61643ABD-80ED-407F-9811-0F0315BBC446} = {9970C235-BB17-4654-B8AD-9B10B983F125}
		{F91C51E8-EEE9-405D-8D53-1BD1A8B462A9} = {61643ABD-80ED-407F-9811-0F0315BBC446}
		{7519097D-59FF-4717-A043-C083A7AA9A5D} = {61643ABD-80ED-407F-9811-0F0315BBC446}
		{206DAC2A-2554-4F30-BDA9-F5CBA1960BE5} = {DA35934F-D8CE-4DF5-9C52-B16A5407D812}
		{123F2446-6AD9-41C8-86AC-2DB426D779E0} = {51BEE2C9-F527-4211-8E7E-202105E8C9F5}
		{61B414C3-CC77-4263-8552-4D517A19CC56} = {DA35934F-D8CE-4DF5-9C52-B16A5407D812}
	EndGlobalSection
	GlobalSection(ExtensibilityGlobals) = postSolution
		SolutionGuid = {BCB4424D-A73D-4F00-BC7F-7B616549F593}
	EndGlobalSection
EndGlobal
