
Microsoft Visual Studio Solution File, Format Version 12.00
# Visual Studio Version 16
VisualStudioVersion = 16.0.29409.12
MinimumVisualStudioVersion = 10.0.40219.1
Project("{2150E333-8FDC-42A3-9474-1A3956D46DE8}") = "JToolbox", "JToolbox", "{9970C235-BB17-4654-B8AD-9B10B983F125}"
EndProject
Project("{2150E333-8FDC-42A3-9474-1A3956D46DE8}") = "Server", "Server", "{DA35934F-D8CE-4DF5-9C52-B16A5407D812}"
EndProject
Project("{2150E333-8FDC-42A3-9474-1A3956D46DE8}") = "Clients", "Clients", "{571D96C1-EB3A-44F8-9DCA-47EC0059C910}"
EndProject
Project("{FAE04EC0-301F-11D3-BF4B-00C04F79EFBC}") = "RemoteControl.Server.Startup", "Server\RemoteControl.Server.Startup\RemoteControl.Server.Startup.csproj", "{AF890BA6-24C0-4FED-A6FA-EF004F7FF7F2}"
EndProject
Project("{FAE04EC0-301F-11D3-BF4B-00C04F79EFBC}") = "RemoteControl.Server.Core", "Server\RemoteControl.Server.Core\RemoteControl.Server.Core.csproj", "{84264C4D-C966-403A-AB8B-CA3CC46B6C45}"
EndProject
Project("{2150E333-8FDC-42A3-9474-1A3956D46DE8}") = "WPF", "WPF", "{E51215B8-5E2A-42B2-A0E0-CE5EED0A59FE}"
EndProject
Project("{2150E333-8FDC-42A3-9474-1A3956D46DE8}") = "XamarinForms", "XamarinForms", "{85F8F9DE-8F02-4706-8809-6FA35726653A}"
EndProject
Project("{9A19103F-16F7-4668-BE54-9A1E7A4F7556}") = "JToolbox.Core", "JToolbox\JToolbox.Core\JToolbox.Core.csproj", "{2FD449ED-DC75-479B-A68E-648018D19605}"
EndProject
Project("{FAE04EC0-301F-11D3-BF4B-00C04F79EFBC}") = "JToolbox.WPF.Core", "JToolbox\WPF\JToolbox.WPF.Core\JToolbox.WPF.Core.csproj", "{56BEE9B3-2FCB-46E7-A837-D07F0BFCBD98}"
EndProject
Project("{FAE04EC0-301F-11D3-BF4B-00C04F79EFBC}") = "JToolbox.WPF.PrismCore", "JToolbox\WPF\JToolbox.WPF.PrismCore\JToolbox.WPF.PrismCore.csproj", "{236252FE-AA5D-434F-87EA-1342C5B6E3B9}"
EndProject
Project("{FAE04EC0-301F-11D3-BF4B-00C04F79EFBC}") = "JToolbox.WPF.UI", "JToolbox\WPF\JToolbox.WPF.UI\JToolbox.WPF.UI.csproj", "{9594D7EE-C5D6-4F07-8F3E-63B7C83E21D0}"
EndProject
Project("{FAE04EC0-301F-11D3-BF4B-00C04F79EFBC}") = "JToolbox.WPF.Windows", "JToolbox\WPF\JToolbox.WPF.Windows\JToolbox.WPF.Windows.csproj", "{44CE1158-08AB-452E-ABCD-C6E305E1A01A}"
EndProject
Project("{FAE04EC0-301F-11D3-BF4B-00C04F79EFBC}") = "JToolbox.Desktop.Core", "JToolbox\JToolbox.Desktop.Core\JToolbox.Desktop.Core.csproj", "{F91C51E8-EEE9-405D-8D53-1BD1A8B462A9}"
EndProject
Project("{FAE04EC0-301F-11D3-BF4B-00C04F79EFBC}") = "JToolbox.Desktop.Dialogs", "JToolbox\JToolbox.Desktop.Dialogs\JToolbox.Desktop.Dialogs.csproj", "{7519097D-59FF-4717-A043-C083A7AA9A5D}"
EndProject
Project("{9A19103F-16F7-4668-BE54-9A1E7A4F7556}") = "JToolbox.XamarinForms.Core", "JToolbox\XamarinForms\JToolbox.XamarinForms.Core\JToolbox.XamarinForms.Core.csproj", "{6907CBDE-A047-41D5-BC2E-5F93D729E23B}"
EndProject
Project("{9A19103F-16F7-4668-BE54-9A1E7A4F7556}") = "JToolbox.XamarinForms.Dialogs", "JToolbox\XamarinForms\JToolbox.XamarinForms.Dialogs\JToolbox.XamarinForms.Dialogs.csproj", "{8DC918B5-FFF4-447B-88B4-0662ADA7BC53}"
EndProject
Project("{FAE04EC0-301F-11D3-BF4B-00C04F79EFBC}") = "JToolbox.XamarinForms.Droid.Core", "JToolbox\XamarinForms\JToolbox.XamarinForms.Droid.Core\JToolbox.XamarinForms.Droid.Core.csproj", "{7367D159-5011-4588-8888-44DDFEE2B890}"
EndProject
Project("{9A19103F-16F7-4668-BE54-9A1E7A4F7556}") = "JToolbox.XamarinForms.Logging", "JToolbox\XamarinForms\JToolbox.XamarinForms.Logging\JToolbox.XamarinForms.Logging.csproj", "{7A0BFCE9-8B88-46AE-8195-08662BAF3A79}"
EndProject
Project("{9A19103F-16F7-4668-BE54-9A1E7A4F7556}") = "JToolbox.XamarinForms.Permissions", "JToolbox\XamarinForms\JToolbox.XamarinForms.Permissions\JToolbox.XamarinForms.Permissions.csproj", "{314C6272-D08A-4AB5-80D0-48299230138F}"
EndProject
Project("{9A19103F-16F7-4668-BE54-9A1E7A4F7556}") = "JToolbox.XamarinForms.Settings", "JToolbox\XamarinForms\JToolbox.XamarinForms.Settings\JToolbox.XamarinForms.Settings.csproj", "{41435C73-9328-4DA4-85F6-D6630B1F7A62}"
EndProject
Global
	GlobalSection(SolutionConfigurationPlatforms) = preSolution
		Debug|Any CPU = Debug|Any CPU
		Release|Any CPU = Release|Any CPU
	EndGlobalSection
	GlobalSection(ProjectConfigurationPlatforms) = postSolution
		{AF890BA6-24C0-4FED-A6FA-EF004F7FF7F2}.Debug|Any CPU.ActiveCfg = Debug|Any CPU
		{AF890BA6-24C0-4FED-A6FA-EF004F7FF7F2}.Debug|Any CPU.Build.0 = Debug|Any CPU
		{AF890BA6-24C0-4FED-A6FA-EF004F7FF7F2}.Release|Any CPU.ActiveCfg = Release|Any CPU
		{AF890BA6-24C0-4FED-A6FA-EF004F7FF7F2}.Release|Any CPU.Build.0 = Release|Any CPU
		{84264C4D-C966-403A-AB8B-CA3CC46B6C45}.Debug|Any CPU.ActiveCfg = Debug|Any CPU
		{84264C4D-C966-403A-AB8B-CA3CC46B6C45}.Debug|Any CPU.Build.0 = Debug|Any CPU
		{84264C4D-C966-403A-AB8B-CA3CC46B6C45}.Release|Any CPU.ActiveCfg = Release|Any CPU
		{84264C4D-C966-403A-AB8B-CA3CC46B6C45}.Release|Any CPU.Build.0 = Release|Any CPU
		{2FD449ED-DC75-479B-A68E-648018D19605}.Debug|Any CPU.ActiveCfg = Debug|Any CPU
		{2FD449ED-DC75-479B-A68E-648018D19605}.Debug|Any CPU.Build.0 = Debug|Any CPU
		{2FD449ED-DC75-479B-A68E-648018D19605}.Release|Any CPU.ActiveCfg = Release|Any CPU
		{2FD449ED-DC75-479B-A68E-648018D19605}.Release|Any CPU.Build.0 = Release|Any CPU
		{56BEE9B3-2FCB-46E7-A837-D07F0BFCBD98}.Debug|Any CPU.ActiveCfg = Debug|Any CPU
		{56BEE9B3-2FCB-46E7-A837-D07F0BFCBD98}.Debug|Any CPU.Build.0 = Debug|Any CPU
		{56BEE9B3-2FCB-46E7-A837-D07F0BFCBD98}.Release|Any CPU.ActiveCfg = Release|Any CPU
		{56BEE9B3-2FCB-46E7-A837-D07F0BFCBD98}.Release|Any CPU.Build.0 = Release|Any CPU
		{236252FE-AA5D-434F-87EA-1342C5B6E3B9}.Debug|Any CPU.ActiveCfg = Debug|Any CPU
		{236252FE-AA5D-434F-87EA-1342C5B6E3B9}.Debug|Any CPU.Build.0 = Debug|Any CPU
		{236252FE-AA5D-434F-87EA-1342C5B6E3B9}.Release|Any CPU.ActiveCfg = Release|Any CPU
		{236252FE-AA5D-434F-87EA-1342C5B6E3B9}.Release|Any CPU.Build.0 = Release|Any CPU
		{9594D7EE-C5D6-4F07-8F3E-63B7C83E21D0}.Debug|Any CPU.ActiveCfg = Debug|Any CPU
		{9594D7EE-C5D6-4F07-8F3E-63B7C83E21D0}.Debug|Any CPU.Build.0 = Debug|Any CPU
		{9594D7EE-C5D6-4F07-8F3E-63B7C83E21D0}.Release|Any CPU.ActiveCfg = Release|Any CPU
		{9594D7EE-C5D6-4F07-8F3E-63B7C83E21D0}.Release|Any CPU.Build.0 = Release|Any CPU
		{44CE1158-08AB-452E-ABCD-C6E305E1A01A}.Debug|Any CPU.ActiveCfg = Debug|Any CPU
		{44CE1158-08AB-452E-ABCD-C6E305E1A01A}.Debug|Any CPU.Build.0 = Debug|Any CPU
		{44CE1158-08AB-452E-ABCD-C6E305E1A01A}.Release|Any CPU.ActiveCfg = Release|Any CPU
		{44CE1158-08AB-452E-ABCD-C6E305E1A01A}.Release|Any CPU.Build.0 = Release|Any CPU
		{F91C51E8-EEE9-405D-8D53-1BD1A8B462A9}.Debug|Any CPU.ActiveCfg = Debug|Any CPU
		{F91C51E8-EEE9-405D-8D53-1BD1A8B462A9}.Debug|Any CPU.Build.0 = Debug|Any CPU
		{F91C51E8-EEE9-405D-8D53-1BD1A8B462A9}.Release|Any CPU.ActiveCfg = Release|Any CPU
		{F91C51E8-EEE9-405D-8D53-1BD1A8B462A9}.Release|Any CPU.Build.0 = Release|Any CPU
		{7519097D-59FF-4717-A043-C083A7AA9A5D}.Debug|Any CPU.ActiveCfg = Debug|Any CPU
		{7519097D-59FF-4717-A043-C083A7AA9A5D}.Debug|Any CPU.Build.0 = Debug|Any CPU
		{7519097D-59FF-4717-A043-C083A7AA9A5D}.Release|Any CPU.ActiveCfg = Release|Any CPU
		{7519097D-59FF-4717-A043-C083A7AA9A5D}.Release|Any CPU.Build.0 = Release|Any CPU
		{6907CBDE-A047-41D5-BC2E-5F93D729E23B}.Debug|Any CPU.ActiveCfg = Debug|Any CPU
		{6907CBDE-A047-41D5-BC2E-5F93D729E23B}.Debug|Any CPU.Build.0 = Debug|Any CPU
		{6907CBDE-A047-41D5-BC2E-5F93D729E23B}.Release|Any CPU.ActiveCfg = Release|Any CPU
		{6907CBDE-A047-41D5-BC2E-5F93D729E23B}.Release|Any CPU.Build.0 = Release|Any CPU
		{8DC918B5-FFF4-447B-88B4-0662ADA7BC53}.Debug|Any CPU.ActiveCfg = Debug|Any CPU
		{8DC918B5-FFF4-447B-88B4-0662ADA7BC53}.Debug|Any CPU.Build.0 = Debug|Any CPU
		{8DC918B5-FFF4-447B-88B4-0662ADA7BC53}.Release|Any CPU.ActiveCfg = Release|Any CPU
		{8DC918B5-FFF4-447B-88B4-0662ADA7BC53}.Release|Any CPU.Build.0 = Release|Any CPU
		{7367D159-5011-4588-8888-44DDFEE2B890}.Debug|Any CPU.ActiveCfg = Debug|Any CPU
		{7367D159-5011-4588-8888-44DDFEE2B890}.Debug|Any CPU.Build.0 = Debug|Any CPU
		{7367D159-5011-4588-8888-44DDFEE2B890}.Release|Any CPU.ActiveCfg = Release|Any CPU
		{7367D159-5011-4588-8888-44DDFEE2B890}.Release|Any CPU.Build.0 = Release|Any CPU
		{7A0BFCE9-8B88-46AE-8195-08662BAF3A79}.Debug|Any CPU.ActiveCfg = Debug|Any CPU
		{7A0BFCE9-8B88-46AE-8195-08662BAF3A79}.Debug|Any CPU.Build.0 = Debug|Any CPU
		{7A0BFCE9-8B88-46AE-8195-08662BAF3A79}.Release|Any CPU.ActiveCfg = Release|Any CPU
		{7A0BFCE9-8B88-46AE-8195-08662BAF3A79}.Release|Any CPU.Build.0 = Release|Any CPU
		{314C6272-D08A-4AB5-80D0-48299230138F}.Debug|Any CPU.ActiveCfg = Debug|Any CPU
		{314C6272-D08A-4AB5-80D0-48299230138F}.Debug|Any CPU.Build.0 = Debug|Any CPU
		{314C6272-D08A-4AB5-80D0-48299230138F}.Release|Any CPU.ActiveCfg = Release|Any CPU
		{314C6272-D08A-4AB5-80D0-48299230138F}.Release|Any CPU.Build.0 = Release|Any CPU
		{41435C73-9328-4DA4-85F6-D6630B1F7A62}.Debug|Any CPU.ActiveCfg = Debug|Any CPU
		{41435C73-9328-4DA4-85F6-D6630B1F7A62}.Debug|Any CPU.Build.0 = Debug|Any CPU
		{41435C73-9328-4DA4-85F6-D6630B1F7A62}.Release|Any CPU.ActiveCfg = Release|Any CPU
		{41435C73-9328-4DA4-85F6-D6630B1F7A62}.Release|Any CPU.Build.0 = Release|Any CPU
	EndGlobalSection
	GlobalSection(SolutionProperties) = preSolution
		HideSolutionNode = FALSE
	EndGlobalSection
	GlobalSection(NestedProjects) = preSolution
		{AF890BA6-24C0-4FED-A6FA-EF004F7FF7F2} = {DA35934F-D8CE-4DF5-9C52-B16A5407D812}
		{84264C4D-C966-403A-AB8B-CA3CC46B6C45} = {DA35934F-D8CE-4DF5-9C52-B16A5407D812}
		{E51215B8-5E2A-42B2-A0E0-CE5EED0A59FE} = {9970C235-BB17-4654-B8AD-9B10B983F125}
		{85F8F9DE-8F02-4706-8809-6FA35726653A} = {9970C235-BB17-4654-B8AD-9B10B983F125}
		{2FD449ED-DC75-479B-A68E-648018D19605} = {9970C235-BB17-4654-B8AD-9B10B983F125}
		{56BEE9B3-2FCB-46E7-A837-D07F0BFCBD98} = {E51215B8-5E2A-42B2-A0E0-CE5EED0A59FE}
		{236252FE-AA5D-434F-87EA-1342C5B6E3B9} = {E51215B8-5E2A-42B2-A0E0-CE5EED0A59FE}
		{9594D7EE-C5D6-4F07-8F3E-63B7C83E21D0} = {E51215B8-5E2A-42B2-A0E0-CE5EED0A59FE}
		{44CE1158-08AB-452E-ABCD-C6E305E1A01A} = {E51215B8-5E2A-42B2-A0E0-CE5EED0A59FE}
		{F91C51E8-EEE9-405D-8D53-1BD1A8B462A9} = {9970C235-BB17-4654-B8AD-9B10B983F125}
		{7519097D-59FF-4717-A043-C083A7AA9A5D} = {9970C235-BB17-4654-B8AD-9B10B983F125}
		{6907CBDE-A047-41D5-BC2E-5F93D729E23B} = {85F8F9DE-8F02-4706-8809-6FA35726653A}
		{8DC918B5-FFF4-447B-88B4-0662ADA7BC53} = {85F8F9DE-8F02-4706-8809-6FA35726653A}
		{7367D159-5011-4588-8888-44DDFEE2B890} = {85F8F9DE-8F02-4706-8809-6FA35726653A}
		{7A0BFCE9-8B88-46AE-8195-08662BAF3A79} = {85F8F9DE-8F02-4706-8809-6FA35726653A}
		{314C6272-D08A-4AB5-80D0-48299230138F} = {85F8F9DE-8F02-4706-8809-6FA35726653A}
		{41435C73-9328-4DA4-85F6-D6630B1F7A62} = {85F8F9DE-8F02-4706-8809-6FA35726653A}
	EndGlobalSection
	GlobalSection(ExtensibilityGlobals) = postSolution
		SolutionGuid = {BCB4424D-A73D-4F00-BC7F-7B616549F593}
	EndGlobalSection
EndGlobal
